
Microsoft Visual Studio Solution File, Format Version 12.00
# Visual Studio 14
VisualStudioVersion = 14.0.25420.1
MinimumVisualStudioVersion = 10.0.40219.1
Project("{FAE04EC0-301F-11D3-BF4B-00C04F79EFBC}") = "KeyGen", "KeyGen\KeyGen.csproj", "{5EC9860E-8159-458D-B9AE-ABC0827B1924}"
EndProject
Project("{FAE04EC0-301F-11D3-BF4B-00C04F79EFBC}") = "KeyIsValidChecker", "KeyIsValidChecker\KeyIsValidChecker.csproj", "{FF7F115D-0791-45F7-8803-41857493486C}"
EndProject
Project("{FAE04EC0-301F-11D3-BF4B-00C04F79EFBC}") = "KeyGenProgram", "KeyGenProgram\KeyGenProgram.csproj", "{E3426EE3-51E1-4A08-AA5A-DDEA0F9F8965}"
EndProject
Global
	GlobalSection(SolutionConfigurationPlatforms) = preSolution
		Debug|Any CPU = Debug|Any CPU
		Release|Any CPU = Release|Any CPU
	EndGlobalSection
	GlobalSection(ProjectConfigurationPlatforms) = postSolution
		{5EC9860E-8159-458D-B9AE-ABC0827B1924}.Debug|Any CPU.ActiveCfg = Debug|Any CPU
		{5EC9860E-8159-458D-B9AE-ABC0827B1924}.Debug|Any CPU.Build.0 = Debug|Any CPU
		{5EC9860E-8159-458D-B9AE-ABC0827B1924}.Release|Any CPU.ActiveCfg = Release|Any CPU
		{5EC9860E-8159-458D-B9AE-ABC0827B1924}.Release|Any CPU.Build.0 = Release|Any CPU
		{FF7F115D-0791-45F7-8803-41857493486C}.Debug|Any CPU.ActiveCfg = Debug|Any CPU
		{FF7F115D-0791-45F7-8803-41857493486C}.Debug|Any CPU.Build.0 = Debug|Any CPU
		{FF7F115D-0791-45F7-8803-41857493486C}.Release|Any CPU.ActiveCfg = Release|Any CPU
		{FF7F115D-0791-45F7-8803-41857493486C}.Release|Any CPU.Build.0 = Release|Any CPU
		{E3426EE3-51E1-4A08-AA5A-DDEA0F9F8965}.Debug|Any CPU.ActiveCfg = Debug|Any CPU
		{E3426EE3-51E1-4A08-AA5A-DDEA0F9F8965}.Debug|Any CPU.Build.0 = Debug|Any CPU
		{E3426EE3-51E1-4A08-AA5A-DDEA0F9F8965}.Release|Any CPU.ActiveCfg = Release|Any CPU
		{E3426EE3-51E1-4A08-AA5A-DDEA0F9F8965}.Release|Any CPU.Build.0 = Release|Any CPU
	EndGlobalSection
	GlobalSection(SolutionProperties) = preSolution
		HideSolutionNode = FALSE
	EndGlobalSection
EndGlobal
